{
  "name": "trade-bot",
  "lockfileVersion": 2,
  "requires": true,
  "packages": {
    "": {
      "dependencies": {
        "cctx": "^1.0.1"
      }
    },
    "node_modules/cctx": {
      "version": "1.0.1",
      "resolved": "https://registry.npmjs.org/cctx/-/cctx-1.0.1.tgz",
      "integrity": "sha512-AcWAyflX8kGUaYMyvCLzRpcOe4MyMYioPzqoQ8AIrNFSQS2ddKLW46fIKc4wiTPai6b/Pebx2acBc1vPjGWGpA=="
    }
  },
  "dependencies": {
    "cctx": {
      "version": "1.0.1",
      "resolved": "https://registry.npmjs.org/cctx/-/cctx-1.0.1.tgz",
      "integrity": "sha512-AcWAyflX8kGUaYMyvCLzRpcOe4MyMYioPzqoQ8AIrNFSQS2ddKLW46fIKc4wiTPai6b/Pebx2acBc1vPjGWGpA=="
    }
  }
}
